
Microsoft Visual Studio Solution File, Format Version 12.00
# Visual Studio 15
VisualStudioVersion = 15.0.26228.9
MinimumVisualStudioVersion = 10.0.40219.1
Project("{FAE04EC0-301F-11D3-BF4B-00C04F79EFBC}") = "NugetSampleFull", "NugetSampleFull\NugetSampleFull.csproj", "{39C106F4-A244-4326-AEA8-58AFE6834ED4}"
EndProject
Global
	GlobalSection(SolutionConfigurationPlatforms) = preSolution
		Debug|Any CPU = Debug|Any CPU
		Release|Any CPU = Release|Any CPU
	EndGlobalSection
	GlobalSection(ProjectConfigurationPlatforms) = postSolution
		{39C106F4-A244-4326-AEA8-58AFE6834ED4}.Debug|Any CPU.ActiveCfg = Debug|Any CPU
		{39C106F4-A244-4326-AEA8-58AFE6834ED4}.Debug|Any CPU.Build.0 = Debug|Any CPU
		{39C106F4-A244-4326-AEA8-58AFE6834ED4}.Release|Any CPU.ActiveCfg = Release|Any CPU
		{39C106F4-A244-4326-AEA8-58AFE6834ED4}.Release|Any CPU.Build.0 = Release|Any CPU
	EndGlobalSection
	GlobalSection(SolutionProperties) = preSolution
		HideSolutionNode = FALSE
	EndGlobalSection
	GlobalSection(TeamFoundationVersionControl) = preSolution
		SccNumberOfProjects = 2
		SccEnterpriseProvider = {4CA58AB2-18FA-4F8D-95D4-32DDF27D184C}
		SccTeamFoundationServer = https://sis-centerforinnovation.visualstudio.com/
		SccLocalPath0 = .
		SccProjectUniqueName1 = NugetSampleFull\\NugetSampleFull.csproj
		SccProjectName1 = NugetSampleFull
		SccLocalPath1 = NugetSampleFull
	EndGlobalSection
EndGlobal
