
Microsoft Visual Studio Solution File, Format Version 12.00
# Visual Studio 15
VisualStudioVersion = 15.0.26228.9
MinimumVisualStudioVersion = 10.0.40219.1
Project("{FAE04EC0-301F-11D3-BF4B-00C04F79EFBC}") = "AspNet", "AspNet\AspNet.csproj", "{0A13E7E9-6F31-49BF-95E3-88F307F0ED4D}"
EndProject
Project("{E53339B2-1760-4266-BCC7-CA923CBCF16C}") = "docker-compose", "docker-compose.dcproj", "{44BE9F63-A87F-41A9-88DD-4810671A7766}"
EndProject
Global
	GlobalSection(SolutionConfigurationPlatforms) = preSolution
		Debug|Any CPU = Debug|Any CPU
		Release|Any CPU = Release|Any CPU
	EndGlobalSection
	GlobalSection(ProjectConfigurationPlatforms) = postSolution
		{0A13E7E9-6F31-49BF-95E3-88F307F0ED4D}.Debug|Any CPU.ActiveCfg = Debug|Any CPU
		{0A13E7E9-6F31-49BF-95E3-88F307F0ED4D}.Debug|Any CPU.Build.0 = Debug|Any CPU
		{0A13E7E9-6F31-49BF-95E3-88F307F0ED4D}.Release|Any CPU.ActiveCfg = Release|Any CPU
		{0A13E7E9-6F31-49BF-95E3-88F307F0ED4D}.Release|Any CPU.Build.0 = Release|Any CPU
		{44BE9F63-A87F-41A9-88DD-4810671A7766}.Debug|Any CPU.ActiveCfg = Debug|Any CPU
		{44BE9F63-A87F-41A9-88DD-4810671A7766}.Debug|Any CPU.Build.0 = Debug|Any CPU
		{44BE9F63-A87F-41A9-88DD-4810671A7766}.Release|Any CPU.ActiveCfg = Release|Any CPU
		{44BE9F63-A87F-41A9-88DD-4810671A7766}.Release|Any CPU.Build.0 = Release|Any CPU
	EndGlobalSection
	GlobalSection(SolutionProperties) = preSolution
		HideSolutionNode = FALSE
	EndGlobalSection
	GlobalSection(TeamFoundationVersionControl) = preSolution
		SccNumberOfProjects = 2
		SccEnterpriseProvider = {4CA58AB2-18FA-4F8D-95D4-32DDF27D184C}
		SccTeamFoundationServer = https://sis-centerforinnovation.visualstudio.com/
		SccLocalPath0 = .
		SccProjectUniqueName1 = AspNet\\AspNet.csproj
		SccProjectName1 = AspNet
		SccLocalPath1 = AspNet
	EndGlobalSection
EndGlobal
